
Microsoft Visual Studio Solution File, Format Version 12.00
# Visual Studio Version 17
VisualStudioVersion = 17.11.35208.52
MinimumVisualStudioVersion = 10.0.40219.1
Project("{FAE04EC0-301F-11D3-BF4B-00C04F79EFBC}") = "practico4", "practico4\practico4.csproj", "{3D92A562-C267-45B3-9107-8C0C1F8B30DB}"
EndProject
Global
	GlobalSection(SolutionConfigurationPlatforms) = preSolution
		Debug|Any CPU = Debug|Any CPU
		Release|Any CPU = Release|Any CPU
	EndGlobalSection
	GlobalSection(ProjectConfigurationPlatforms) = postSolution
		{3D92A562-C267-45B3-9107-8C0C1F8B30DB}.Debug|Any CPU.ActiveCfg = Debug|Any CPU
		{3D92A562-C267-45B3-9107-8C0C1F8B30DB}.Debug|Any CPU.Build.0 = Debug|Any CPU
		{3D92A562-C267-45B3-9107-8C0C1F8B30DB}.Release|Any CPU.ActiveCfg = Release|Any CPU
		{3D92A562-C267-45B3-9107-8C0C1F8B30DB}.Release|Any CPU.Build.0 = Release|Any CPU
	EndGlobalSection
	GlobalSection(SolutionProperties) = preSolution
		HideSolutionNode = FALSE
	EndGlobalSection
	GlobalSection(ExtensibilityGlobals) = postSolution
		SolutionGuid = {F9B7FA86-CC58-4DD3-BF0E-D28808CA6C8E}
	EndGlobalSection
EndGlobal
